
Microsoft Visual Studio Solution File, Format Version 12.00
# Visual Studio Version 16
VisualStudioVersion = 16.0.30204.135
MinimumVisualStudioVersion = 10.0.40219.1
Project("{FAE04EC0-301F-11D3-BF4B-00C04F79EFBC}") = "automobile_calculator", "automobile_calculator\automobile_calculator.csproj", "{165E2B3E-7E61-4B00-BCD8-E640B8D03DEE}"
EndProject
Global
	GlobalSection(SolutionConfigurationPlatforms) = preSolution
		Debug|Any CPU = Debug|Any CPU
		Release|Any CPU = Release|Any CPU
	EndGlobalSection
	GlobalSection(ProjectConfigurationPlatforms) = postSolution
		{165E2B3E-7E61-4B00-BCD8-E640B8D03DEE}.Debug|Any CPU.ActiveCfg = Debug|Any CPU
		{165E2B3E-7E61-4B00-BCD8-E640B8D03DEE}.Debug|Any CPU.Build.0 = Debug|Any CPU
		{165E2B3E-7E61-4B00-BCD8-E640B8D03DEE}.Release|Any CPU.ActiveCfg = Release|Any CPU
		{165E2B3E-7E61-4B00-BCD8-E640B8D03DEE}.Release|Any CPU.Build.0 = Release|Any CPU
	EndGlobalSection
	GlobalSection(SolutionProperties) = preSolution
		HideSolutionNode = FALSE
	EndGlobalSection
	GlobalSection(ExtensibilityGlobals) = postSolution
		SolutionGuid = {5D6BD438-FC62-443C-905B-834D50B6E437}
	EndGlobalSection
EndGlobal
